// !$*UTF8*$!
{
	archiveVersion = 1;
	classes = {
	};
	objectVersion = 46;
	objects = {

/* Begin PBXBuildFile section */
		2C3BE8E31B821FE100BE7505 /* MainCollectionViewController.swift in Sources */ = {isa = PBXBuildFile; fileRef = 2C3BE8E21B821FE100BE7505 /* MainCollectionViewController.swift */; };
		2C3BE8E51B8225CE00BE7505 /* DetailViewController.swift in Sources */ = {isa = PBXBuildFile; fileRef = 2C3BE8E41B8225CE00BE7505 /* DetailViewController.swift */; };
		2C7F12871B821CED00F04090 /* AppDelegate.swift in Sources */ = {isa = PBXBuildFile; fileRef = 2C7F12861B821CED00F04090 /* AppDelegate.swift */; };
		2C7F128C1B821CED00F04090 /* Main.storyboard in Resources */ = {isa = PBXBuildFile; fileRef = 2C7F128A1B821CED00F04090 /* Main.storyboard */; };
		2C7F128E1B821CED00F04090 /* Assets.xcassets in Resources */ = {isa = PBXBuildFile; fileRef = 2C7F128D1B821CED00F04090 /* Assets.xcassets */; };
		2C7F12911B821CED00F04090 /* LaunchScreen.storyboard in Resources */ = {isa = PBXBuildFile; fileRef = 2C7F128F1B821CED00F04090 /* LaunchScreen.storyboard */; };
		2C7F129C1B821CED00F04090 /* LLMagicMoveDemoTests.swift in Sources */ = {isa = PBXBuildFile; fileRef = 2C7F129B1B821CED00F04090 /* LLMagicMoveDemoTests.swift */; };
		2C7F12A71B821CED00F04090 /* LLMagicMoveDemoUITests.swift in Sources */ = {isa = PBXBuildFile; fileRef = 2C7F12A61B821CED00F04090 /* LLMagicMoveDemoUITests.swift */; };
		2C7F12B51B821E3C00F04090 /* DetailCollectionViewCell.swift in Sources */ = {isa = PBXBuildFile; fileRef = 2C7F12B41B821E3C00F04090 /* DetailCollectionViewCell.swift */; };
/* End PBXBuildFile section */

/* Begin PBXContainerItemProxy section */
		2C7F12981B821CED00F04090 /* PBXContainerItemProxy */ = {
			isa = PBXContainerItemProxy;
			containerPortal = 2C7F127B1B821CED00F04090 /* Project object */;
			proxyType = 1;
			remoteGlobalIDString = 2C7F12821B821CED00F04090;
			remoteInfo = LLMagicMoveDemo;
		};
		2C7F12A31B821CED00F04090 /* PBXContainerItemProxy */ = {
			isa = PBXContainerItemProxy;
			containerPortal = 2C7F127B1B821CED00F04090 /* Project object */;
			proxyType = 1;
			remoteGlobalIDString = 2C7F12821B821CED00F04090;
			remoteInfo = LLMagicMoveDemo;
		};
/* End PBXContainerItemProxy section */

/* Begin PBXFileReference section */
		2C3BE8E21B821FE100BE7505 /* MainCollectionViewController.swift */ = {isa = PBXFileReference; fileEncoding = 4; lastKnownFileType = sourcecode.swift; path = MainCollectionViewController.swift; sourceTree = "<group>"; };
		2C3BE8E41B8225CE00BE7505 /* DetailViewController.swift */ = {isa = PBXFileReference; fileEncoding = 4; lastKnownFileType = sourcecode.swift; path = DetailViewController.swift; sourceTree = "<group>"; };
		2C7F12831B821CED00F04090 /* LLMagicMoveDemo.app */ = {isa = PBXFileReference; explicitFileType = wrapper.application; includeInIndex = 0; path = LLMagicMoveDemo.app; sourceTree = BUILT_PRODUCTS_DIR; };
		2C7F12861B821CED00F04090 /* AppDelegate.swift */ = {isa = PBXFileReference; lastKnownFileType = sourcecode.swift; path = AppDelegate.swift; sourceTree = "<group>"; };
		2C7F128B1B821CED00F04090 /* Base */ = {isa = PBXFileReference; lastKnownFileType = file.storyboard; name = Base; path = Base.lproj/Main.storyboard; sourceTree = "<group>"; };
		2C7F128D1B821CED00F04090 /* Assets.xcassets */ = {isa = PBXFileReference; lastKnownFileType = folder.assetcatalog; path = Assets.xcassets; sourceTree = "<group>"; };
		2C7F12901B821CED00F04090 /* Base */ = {isa = PBXFileReference; lastKnownFileType = file.storyboard; name = Base; path = Base.lproj/LaunchScreen.storyboard; sourceTree = "<group>"; };
		2C7F12921B821CED00F04090 /* Info.plist */ = {isa = PBXFileReference; lastKnownFileType = text.plist.xml; path = Info.plist; sourceTree = "<group>"; };
		2C7F12971B821CED00F04090 /* LLMagicMoveDemoTests.xctest */ = {isa = PBXFileReference; explicitFileType = wrapper.cfbundle; includeInIndex = 0; path = LLMagicMoveDemoTests.xctest; sourceTree = BUILT_PRODUCTS_DIR; };
		2C7F129B1B821CED00F04090 /* LLMagicMoveDemoTests.swift */ = {isa = PBXFileReference; lastKnownFileType = sourcecode.swift; path = LLMagicMoveDemoTests.swift; sourceTree = "<group>"; };
		2C7F129D1B821CED00F04090 /* Info.plist */ = {isa = PBXFileReference; lastKnownFileType = text.plist.xml; path = Info.plist; sourceTree = "<group>"; };
		2C7F12A21B821CED00F04090 /* LLMagicMoveDemoUITests.xctest */ = {isa = PBXFileReference; explicitFileType = wrapper.cfbundle; includeInIndex = 0; path = LLMagicMoveDemoUITests.xctest; sourceTree = BUILT_PRODUCTS_DIR; };
		2C7F12A61B821CED00F04090 /* LLMagicMoveDemoUITests.swift */ = {isa = PBXFileReference; lastKnownFileType = sourcecode.swift; path = LLMagicMoveDemoUITests.swift; sourceTree = "<group>"; };
		2C7F12A81B821CED00F04090 /* Info.plist */ = {isa = PBXFileReference; lastKnownFileType = text.plist.xml; path = Info.plist; sourceTree = "<group>"; };
		2C7F12B41B821E3C00F04090 /* DetailCollectionViewCell.swift */ = {isa = PBXFileReference; fileEncoding = 4; lastKnownFileType = sourcecode.swift; path = DetailCollectionViewCell.swift; sourceTree = "<group>"; };
/* End PBXFileReference section */

/* Begin PBXFrameworksBuildPhase section */
		2C7F12801B821CED00F04090 /* Frameworks */ = {
			isa = PBXFrameworksBuildPhase;
			buildActionMask = 2147483647;
			files = (
			);
			runOnlyForDeploymentPostprocessing = 0;
		};
		2C7F12941B821CED00F04090 /* Frameworks */ = {
			isa = PBXFrameworksBuildPhase;
			buildActionMask = 2147483647;
			files = (
			);
			runOnlyForDeploymentPostprocessing = 0;
		};
		2C7F129F1B821CED00F04090 /* Frameworks */ = {
			isa = PBXFrameworksBuildPhase;
			buildActionMask = 2147483647;
			files = (
			);
			runOnlyForDeploymentPostprocessing = 0;
		};
/* End PBXFrameworksBuildPhase section */

/* Begin PBXGroup section */
		2C7F127A1B821CED00F04090 = {
			isa = PBXGroup;
			children = (
				2C7F12851B821CED00F04090 /* LLMagicMoveDemo */,
				2C7F129A1B821CED00F04090 /* LLMagicMoveDemoTests */,
				2C7F12A51B821CED00F04090 /* LLMagicMoveDemoUITests */,
				2C7F12841B821CED00F04090 /* Products */,
			);
			sourceTree = "<group>";
		};
		2C7F12841B821CED00F04090 /* Products */ = {
			isa = PBXGroup;
			children = (
				2C7F12831B821CED00F04090 /* LLMagicMoveDemo.app */,
				2C7F12971B821CED00F04090 /* LLMagicMoveDemoTests.xctest */,
				2C7F12A21B821CED00F04090 /* LLMagicMoveDemoUITests.xctest */,
			);
			name = Products;
			sourceTree = "<group>";
		};
		2C7F12851B821CED00F04090 /* LLMagicMoveDemo */ = {
			isa = PBXGroup;
			children = (
				2C7F12861B821CED00F04090 /* AppDelegate.swift */,
				2C7F12B41B821E3C00F04090 /* DetailCollectionViewCell.swift */,
				2C3BE8E21B821FE100BE7505 /* MainCollectionViewController.swift */,
				2C7F128A1B821CED00F04090 /* Main.storyboard */,
				2C3BE8E41B8225CE00BE7505 /* DetailViewController.swift */,
				2C7F128D1B821CED00F04090 /* Assets.xcassets */,
				2C7F128F1B821CED00F04090 /* LaunchScreen.storyboard */,
				2C7F12921B821CED00F04090 /* Info.plist */,
			);
			path = LLMagicMoveDemo;
			sourceTree = "<group>";
		};
		2C7F129A1B821CED00F04090 /* LLMagicMoveDemoTests */ = {
			isa = PBXGroup;
			children = (
				2C7F129B1B821CED00F04090 /* LLMagicMoveDemoTests.swift */,
				2C7F129D1B821CED00F04090 /* Info.plist */,
			);
			path = LLMagicMoveDemoTests;
			sourceTree = "<group>";
		};
		2C7F12A51B821CED00F04090 /* LLMagicMoveDemoUITests */ = {
			isa = PBXGroup;
			children = (
				2C7F12A61B821CED00F04090 /* LLMagicMoveDemoUITests.swift */,
				2C7F12A81B821CED00F04090 /* Info.plist */,
			);
			path = LLMagicMoveDemoUITests;
			sourceTree = "<group>";
		};
/* End PBXGroup section */

/* Begin PBXNativeTarget section */
		2C7F12821B821CED00F04090 /* LLMagicMoveDemo */ = {
			isa = PBXNativeTarget;
			buildConfigurationList = 2C7F12AB1B821CED00F04090 /* Build configuration list for PBXNativeTarget "LLMagicMoveDemo" */;
			buildPhases = (
				2C7F127F1B821CED00F04090 /* Sources */,
				2C7F12801B821CED00F04090 /* Frameworks */,
				2C7F12811B821CED00F04090 /* Resources */,
			);
			buildRules = (
			);
			dependencies = (
			);
			name = LLMagicMoveDemo;
			productName = LLMagicMoveDemo;
			productReference = 2C7F12831B821CED00F04090 /* LLMagicMoveDemo.app */;
			productType = "com.apple.product-type.application";
		};
		2C7F12961B821CED00F04090 /* LLMagicMoveDemoTests */ = {
			isa = PBXNativeTarget;
			buildConfigurationList = 2C7F12AE1B821CED00F04090 /* Build configuration list for PBXNativeTarget "LLMagicMoveDemoTests" */;
			buildPhases = (
				2C7F12931B821CED00F04090 /* Sources */,
				2C7F12941B821CED00F04090 /* Frameworks */,
				2C7F12951B821CED00F04090 /* Resources */,
			);
			buildRules = (
			);
			dependencies = (
				2C7F12991B821CED00F04090 /* PBXTargetDependency */,
			);
			name = LLMagicMoveDemoTests;
			productName = LLMagicMoveDemoTests;
			productReference = 2C7F12971B821CED00F04090 /* LLMagicMoveDemoTests.xctest */;
			productType = "com.apple.product-type.bundle.unit-test";
		};
		2C7F12A11B821CED00F04090 /* LLMagicMoveDemoUITests */ = {
			isa = PBXNativeTarget;
			buildConfigurationList = 2C7F12B11B821CED00F04090 /* Build configuration list for PBXNativeTarget "LLMagicMoveDemoUITests" */;
			buildPhases = (
				2C7F129E1B821CED00F04090 /* Sources */,
				2C7F129F1B821CED00F04090 /* Frameworks */,
				2C7F12A01B821CED00F04090 /* Resources */,
			);
			buildRules = (
			);
			dependencies = (
				2C7F12A41B821CED00F04090 /* PBXTargetDependency */,
			);
			name = LLMagicMoveDemoUITests;
			productName = LLMagicMoveDemoUITests;
			productReference = 2C7F12A21B821CED00F04090 /* LLMagicMoveDemoUITests.xctest */;
			productType = "com.apple.product-type.bundle.ui-testing";
		};
/* End PBXNativeTarget section */

/* Begin PBXProject section */
		2C7F127B1B821CED00F04090 /* Project object */ = {
			isa = PBXProject;
			attributes = {
				LastUpgradeCheck = 0700;
				ORGANIZATIONNAME = littleLiang;
				TargetAttributes = {
					2C7F12821B821CED00F04090 = {
						CreatedOnToolsVersion = 7.0;
					};
					2C7F12961B821CED00F04090 = {
						CreatedOnToolsVersion = 7.0;
						TestTargetID = 2C7F12821B821CED00F04090;
					};
					2C7F12A11B821CED00F04090 = {
						CreatedOnToolsVersion = 7.0;
						TestTargetID = 2C7F12821B821CED00F04090;
					};
				};
			};
			buildConfigurationList = 2C7F127E1B821CED00F04090 /* Build configuration list for PBXProject "LLMagicMoveDemo" */;
			compatibilityVersion = "Xcode 3.2";
			developmentRegion = English;
			hasScannedForEncodings = 0;
			knownRegions = (
				en,
				Base,
			);
			mainGroup = 2C7F127A1B821CED00F04090;
			productRefGroup = 2C7F12841B821CED00F04090 /* Products */;
			projectDirPath = "";
			projectRoot = "";
			targets = (
				2C7F12821B821CED00F04090 /* LLMagicMoveDemo */,
				2C7F12961B821CED00F04090 /* LLMagicMoveDemoTests */,
				2C7F12A11B821CED00F04090 /* LLMagicMoveDemoUITests */,
			);
		};
/* End PBXProject section */

/* Begin PBXResourcesBuildPhase section */
		2C7F12811B821CED00F04090 /* Resources */ = {
			isa = PBXResourcesBuildPhase;
			buildActionMask = 2147483647;
			files = (
				2C7F12911B821CED00F04090 /* LaunchScreen.storyboard in Resources */,
				2C7F128E1B821CED00F04090 /* Assets.xcassets in Resources */,
				2C7F128C1B821CED00F04090 /* Main.storyboard in Resources */,
			);
			runOnlyForDeploymentPostprocessing = 0;
		};
		2C7F12951B821CED00F04090 /* Resources */ = {
			isa = PBXResourcesBuildPhase;
			buildActionMask = 2147483647;
			files = (
			);
			runOnlyForDeploymentPostprocessing = 0;
		};
		2C7F12A01B821CED00F04090 /* Resources */ = {
			isa = PBXResourcesBuildPhase;
			buildActionMask = 2147483647;
			files = (
			);
			runOnlyForDeploymentPostprocessing = 0;
		};
/* End PBXResourcesBuildPhase section */

/* Begin PBXSourcesBuildPhase section */
		2C7F127F1B821CED00F04090 /* Sources */ = {
			isa = PBXSourcesBuildPhase;
			buildActionMask = 2147483647;
			files = (
				2C7F12871B821CED00F04090 /* AppDelegate.swift in Sources */,
				2C3BE8E31B821FE100BE7505 /* MainCollectionViewController.swift in Sources */,
				2C7F12B51B821E3C00F04090 /* DetailCollectionViewCell.swift in Sources */,
				2C3BE8E51B8225CE00BE7505 /* DetailViewController.swift in Sources */,
			);
			runOnlyForDeploymentPostprocessing = 0;
		};
		2C7F12931B821CED00F04090 /* Sources */ = {
			isa = PBXSourcesBuildPhase;
			buildActionMask = 2147483647;
			files = (
				2C7F129C1B821CED00F04090 /* LLMagicMoveDemoTests.swift in Sources */,
			);
			runOnlyForDeploymentPostprocessing = 0;
		};
		2C7F129E1B821CED00F04090 /* Sources */ = {
			isa = PBXSourcesBuildPhase;
			buildActionMask = 2147483647;
			files = (
				2C7F12A71B821CED00F04090 /* LLMagicMoveDemoUITests.swift in Sources */,
			);
			runOnlyForDeploymentPostprocessing = 0;
		};
/* End PBXSourcesBuildPhase section */

/* Begin PBXTargetDependency section */
		2C7F12991B821CED00F04090 /* PBXTargetDependency */ = {
			isa = PBXTargetDependency;
			target = 2C7F12821B821CED00F04090 /* LLMagicMoveDemo */;
			targetProxy = 2C7F12981B821CED00F04090 /* PBXContainerItemProxy */;
		};
		2C7F12A41B821CED00F04090 /* PBXTargetDependency */ = {
			isa = PBXTargetDependency;
			target = 2C7F12821B821CED00F04090 /* LLMagicMoveDemo */;
			targetProxy = 2C7F12A31B821CED00F04090 /* PBXContainerItemProxy */;
		};
/* End PBXTargetDependency section */

/* Begin PBXVariantGroup section */
		2C7F128A1B821CED00F04090 /* Main.storyboard */ = {
			isa = PBXVariantGroup;
			children = (
				2C7F128B1B821CED00F04090 /* Base */,
			);
			name = Main.storyboard;
			sourceTree = "<group>";
		};
		2C7F128F1B821CED00F04090 /* LaunchScreen.storyboard */ = {
			isa = PBXVariantGroup;
			children = (
				2C7F12901B821CED00F04090 /* Base */,
			);
			name = LaunchScreen.storyboard;
			sourceTree = "<group>";
		};
/* End PBXVariantGroup section */

/* Begin XCBuildConfiguration section */
		2C7F12A91B821CED00F04090 /* Debug */ = {
			isa = XCBuildConfiguration;
			buildSettings = {
				ALWAYS_SEARCH_USER_PATHS = NO;
				CLANG_CXX_LANGUAGE_STANDARD = "gnu++0x";
				CLANG_CXX_LIBRARY = "libc++";
				CLANG_ENABLE_MODULES = YES;
				CLANG_ENABLE_OBJC_ARC = YES;
				CLANG_WARN_BOOL_CONVERSION = YES;
				CLANG_WARN_CONSTANT_CONVERSION = YES;
				CLANG_WARN_DIRECT_OBJC_ISA_USAGE = YES_ERROR;
				CLANG_WARN_EMPTY_BODY = YES;
				CLANG_WARN_ENUM_CONVERSION = YES;
				CLANG_WARN_INT_CONVERSION = YES;
				CLANG_WARN_OBJC_ROOT_CLASS = YES_ERROR;
				CLANG_WARN_UNREACHABLE_CODE = YES;
				CLANG_WARN__DUPLICATE_METHOD_MATCH = YES;
				"CODE_SIGN_IDENTITY[sdk=iphoneos*]" = "iPhone Developer";
				COPY_PHASE_STRIP = NO;
				DEBUG_INFORMATION_FORMAT = dwarf;
				ENABLE_STRICT_OBJC_MSGSEND = YES;
				ENABLE_TESTABILITY = YES;
				GCC_C_LANGUAGE_STANDARD = gnu99;
				GCC_DYNAMIC_NO_PIC = NO;
				GCC_NO_COMMON_BLOCKS = YES;
				GCC_OPTIMIZATION_LEVEL = 0;
				GCC_PREPROCESSOR_DEFINITIONS = (
					"DEBUG=1",
					"$(inherited)",
				);
				GCC_WARN_64_TO_32_BIT_CONVERSION = YES;
				GCC_WARN_ABOUT_RETURN_TYPE = YES_ERROR;
				GCC_WARN_UNDECLARED_SELECTOR = YES;
				GCC_WARN_UNINITIALIZED_AUTOS = YES_AGGRESSIVE;
				GCC_WARN_UNUSED_FUNCTION = YES;
				GCC_WARN_UNUSED_VARIABLE = YES;
				IPHONEOS_DEPLOYMENT_TARGET = 9.0;
				MTL_ENABLE_DEBUG_INFO = YES;
				ONLY_ACTIVE_ARCH = YES;
				SDKROOT = iphoneos;
				SWIFT_OPTIMIZATION_LEVEL = "-Onone";
			};
			name = Debug;
		};
		2C7F12AA1B821CED00F04090 /* Release */ = {
			isa = XCBuildConfiguration;
			buildSettings = {
				ALWAYS_SEARCH_USER_PATHS = NO;
				CLANG_CXX_LANGUAGE_STANDARD = "gnu++0x";
				CLANG_CXX_LIBRARY = "libc++";
				CLANG_ENABLE_MODULES = YES;
				CLANG_ENABLE_OBJC_ARC = YES;
				CLANG_WARN_BOOL_CONVERSION = YES;
				CLANG_WARN_CONSTANT_CONVERSION = YES;
				CLANG_WARN_DIRECT_OBJC_ISA_USAGE = YES_ERROR;
				CLANG_WARN_EMPTY_BODY = YES;
				CLANG_WARN_ENUM_CONVERSION = YES;
				CLANG_WARN_INT_CONVERSION = YES;
				CLANG_WARN_OBJC_ROOT_CLASS = YES_ERROR;
				CLANG_WARN_UNREACHABLE_CODE = YES;
				CLANG_WARN__DUPLICATE_METHOD_MATCH = YES;
				"CODE_SIGN_IDENTITY[sdk=iphoneos*]" = "iPhone Developer";
				COPY_PHASE_STRIP = NO;
				DEBUG_INFORMATION_FORMAT = "dwarf-with-dsym";
				ENABLE_NS_ASSERTIONS = NO;
				ENABLE_STRICT_OBJC_MSGSEND = YES;
				GCC_C_LANGUAGE_STANDARD = gnu99;
				GCC_NO_COMMON_BLOCKS = YES;
				GCC_WARN_64_TO_32_BIT_CONVERSION = YES;
				GCC_WARN_ABOUT_RETURN_TYPE = YES_ERROR;
				GCC_WARN_UNDECLARED_SELECTOR = YES;
				GCC_WARN_UNINITIALIZED_AUTOS = YES_AGGRESSIVE;
				GCC_WARN_UNUSED_FUNCTION = YES;
				GCC_WARN_UNUSED_VARIABLE = YES;
				IPHONEOS_DEPLOYMENT_TARGET = 9.0;
				MTL_ENABLE_DEBUG_INFO = NO;
				SDKROOT = iphoneos;
				VALIDATE_PRODUCT = YES;
			};
			name = Release;
		};
		2C7F12AC1B821CED00F04090 /* Debug */ = {
			isa = XCBuildConfiguration;
			buildSettings = {
				ASSETCATALOG_COMPILER_APPICON_NAME = AppIcon;
				INFOPLIST_FILE = LLMagicMoveDemo/Info.plist;
				LD_RUNPATH_SEARCH_PATHS = "$(inherited) @executable_path/Frameworks";
				PRODUCT_BUNDLE_IDENTIFIER = com.hhit.LLMagicMoveDemo;
				PRODUCT_NAME = "$(TARGET_NAME)";
			};
			name = Debug;
		};
		2C7F12AD1B821CED00F04090 /* Release */ = {
			isa = XCBuildConfiguration;
			buildSettings = {
				ASSETCATALOG_COMPILER_APPICON_NAME = AppIcon;
				INFOPLIST_FILE = LLMagicMoveDemo/Info.plist;
				LD_RUNPATH_SEARCH_PATHS = "$(inherited) @executable_path/Frameworks";
				PRODUCT_BUNDLE_IDENTIFIER = com.hhit.LLMagicMoveDemo;
				PRODUCT_NAME = "$(TARGET_NAME)";
			};
			name = Release;
		};
		2C7F12AF1B821CED00F04090 /* Debug */ = {
			isa = XCBuildConfiguration;
			buildSettings = {
				BUNDLE_LOADER = "$(TEST_HOST)";
				INFOPLIST_FILE = LLMagicMoveDemoTests/Info.plist;
				LD_RUNPATH_SEARCH_PATHS = "$(inherited) @executable_path/Frameworks @loader_path/Frameworks";
				PRODUCT_BUNDLE_IDENTIFIER = com.hhit.LLMagicMoveDemoTests;
				PRODUCT_NAME = "$(TARGET_NAME)";
				TEST_HOST = "$(BUILT_PRODUCTS_DIR)/LLMagicMoveDemo.app/LLMagicMoveDemo";
			};
			name = Debug;
		};
		2C7F12B01B821CED00F04090 /* Release */ = {
			isa = XCBuildConfiguration;
			buildSettings = {
				BUNDLE_LOADER = "$(TEST_HOST)";
				INFOPLIST_FILE = LLMagicMoveDemoTests/Info.plist;
				LD_RUNPATH_SEARCH_PATHS = "$(inherited) @executable_path/Frameworks @loader_path/Frameworks";
				PRODUCT_BUNDLE_IDENTIFIER = com.hhit.LLMagicMoveDemoTests;
				PRODUCT_NAME = "$(TARGET_NAME)";
				TEST_HOST = "$(BUILT_PRODUCTS_DIR)/LLMagicMoveDemo.app/LLMagicMoveDemo";
			};
			name = Release;
		};
		2C7F12B21B821CED00F04090 /* Debug */ = {
			isa = XCBuildConfiguration;
			buildSettings = {
				INFOPLIST_FILE = LLMagicMoveDemoUITests/Info.plist;
				LD_RUNPATH_SEARCH_PATHS = "$(inherited) @executable_path/Frameworks @loader_path/Frameworks";
				PRODUCT_BUNDLE_IDENTIFIER = com.hhit.LLMagicMoveDemoUITests;
				PRODUCT_NAME = "$(TARGET_NAME)";
				TEST_TARGET_NAME = LLMagicMoveDemo;
				USES_XCTRUNNER = YES;
			};
			name = Debug;
		};
		2C7F12B31B821CED00F04090 /* Release */ = {
			isa = XCBuildConfiguration;
			buildSettings = {
				INFOPLIST_FILE = LLMagicMoveDemoUITests/Info.plist;
				LD_RUNPATH_SEARCH_PATHS = "$(inherited) @executable_path/Frameworks @loader_path/Frameworks";
				PRODUCT_BUNDLE_IDENTIFIER = com.hhit.LLMagicMoveDemoUITests;
				PRODUCT_NAME = "$(TARGET_NAME)";
				TEST_TARGET_NAME = LLMagicMoveDemo;
				USES_XCTRUNNER = YES;
			};
			name = Release;
		};
/* End XCBuildConfiguration section */

/* Begin XCConfigurationList section */
		2C7F127E1B821CED00F04090 /* Build configuration list for PBXProject "LLMagicMoveDemo" */ = {
			isa = XCConfigurationList;
			buildConfigurations = (
				2C7F12A91B821CED00F04090 /* Debug */,
				2C7F12AA1B821CED00F04090 /* Release */,
			);
			defaultConfigurationIsVisible = 0;
			defaultConfigurationName = Release;
		};
		2C7F12AB1B821CED00F04090 /* Build configuration list for PBXNativeTarget "LLMagicMoveDemo" */ = {
			isa = XCConfigurationList;
			buildConfigurations = (
				2C7F12AC1B821CED00F04090 /* Debug */,
				2C7F12AD1B821CED00F04090 /* Release */,
			);
			defaultConfigurationIsVisible = 0;
			defaultConfigurationName = Release;
		};
		2C7F12AE1B821CED00F04090 /* Build configuration list for PBXNativeTarget "LLMagicMoveDemoTests" */ = {
			isa = XCConfigurationList;
			buildConfigurations = (
				2C7F12AF1B821CED00F04090 /* Debug */,
				2C7F12B01B821CED00F04090 /* Release */,
			);
			defaultConfigurationIsVisible = 0;
			defaultConfigurationName = Release;
		};
		2C7F12B11B821CED00F04090 /* Build configuration list for PBXNativeTarget "LLMagicMoveDemoUITests" */ = {
			isa = XCConfigurationList;
			buildConfigurations = (
				2C7F12B21B821CED00F04090 /* Debug */,
				2C7F12B31B821CED00F04090 /* Release */,
			);
			defaultConfigurationIsVisible = 0;
			defaultConfigurationName = Release;
		};
/* End XCConfigurationList section */
	};
	rootObject = 2C7F127B1B821CED00F04090 /* Project object */;
}
